
Microsoft Visual Studio Solution File, Format Version 12.00
# Visual Studio Version 17
VisualStudioVersion = 17.11.35222.181
MinimumVisualStudioVersion = 10.0.40219.1
Project("{2150E333-8FDC-42A3-9474-1A3956D46DE8}") = "Task0", "Task0", "{7CB45175-DA2A-41C9-8886-5AB54C046E82}"
EndProject
Project("{FAE04EC0-301F-11D3-BF4B-00C04F79EFBC}") = "Tyuiu.MiliukovLO.Sprint1.Task0.V4", "Tyuiu.MiliukovLO.Sprint1.Task0.V4\Tyuiu.MiliukovLO.Sprint1.Task0.V4.csproj", "{EDC1225E-4333-4E1B-8114-1039B56F194C}"
EndProject
Project("{FAE04EC0-301F-11D3-BF4B-00C04F79EFBC}") = "Tyuiu.MiliukovLO.Sprint1.Task0.V4.Lib", "Tyuiu.MiliukovLO.Sprint1.Task0.V4.Lib\Tyuiu.MiliukovLO.Sprint1.Task0.V4.Lib.csproj", "{ED06940F-4C1C-4227-8EFE-C29AAA01DDC7}"
EndProject
Project("{FAE04EC0-301F-11D3-BF4B-00C04F79EFBC}") = "Tyuiu.MiliukovLO.Sprint1.Task0.V4.Test", "Tyuiu.MiliukovLO.Sprint1.Task0.V4.Test\Tyuiu.MiliukovLO.Sprint1.Task0.V4.Test.csproj", "{BDDBFEDD-8007-4CB6-84FA-1BDEA7758D9A}"
EndProject
Global
	GlobalSection(SolutionConfigurationPlatforms) = preSolution
		Debug|Any CPU = Debug|Any CPU
		Release|Any CPU = Release|Any CPU
	EndGlobalSection
	GlobalSection(ProjectConfigurationPlatforms) = postSolution
		{EDC1225E-4333-4E1B-8114-1039B56F194C}.Debug|Any CPU.ActiveCfg = Debug|Any CPU
		{EDC1225E-4333-4E1B-8114-1039B56F194C}.Debug|Any CPU.Build.0 = Debug|Any CPU
		{EDC1225E-4333-4E1B-8114-1039B56F194C}.Release|Any CPU.ActiveCfg = Release|Any CPU
		{EDC1225E-4333-4E1B-8114-1039B56F194C}.Release|Any CPU.Build.0 = Release|Any CPU
		{ED06940F-4C1C-4227-8EFE-C29AAA01DDC7}.Debug|Any CPU.ActiveCfg = Debug|Any CPU
		{ED06940F-4C1C-4227-8EFE-C29AAA01DDC7}.Debug|Any CPU.Build.0 = Debug|Any CPU
		{ED06940F-4C1C-4227-8EFE-C29AAA01DDC7}.Release|Any CPU.ActiveCfg = Release|Any CPU
		{ED06940F-4C1C-4227-8EFE-C29AAA01DDC7}.Release|Any CPU.Build.0 = Release|Any CPU
		{BDDBFEDD-8007-4CB6-84FA-1BDEA7758D9A}.Debug|Any CPU.ActiveCfg = Debug|Any CPU
		{BDDBFEDD-8007-4CB6-84FA-1BDEA7758D9A}.Debug|Any CPU.Build.0 = Debug|Any CPU
		{BDDBFEDD-8007-4CB6-84FA-1BDEA7758D9A}.Release|Any CPU.ActiveCfg = Release|Any CPU
		{BDDBFEDD-8007-4CB6-84FA-1BDEA7758D9A}.Release|Any CPU.Build.0 = Release|Any CPU
	EndGlobalSection
	GlobalSection(SolutionProperties) = preSolution
		HideSolutionNode = FALSE
	EndGlobalSection
	GlobalSection(NestedProjects) = preSolution
		{EDC1225E-4333-4E1B-8114-1039B56F194C} = {7CB45175-DA2A-41C9-8886-5AB54C046E82}
		{ED06940F-4C1C-4227-8EFE-C29AAA01DDC7} = {7CB45175-DA2A-41C9-8886-5AB54C046E82}
		{BDDBFEDD-8007-4CB6-84FA-1BDEA7758D9A} = {7CB45175-DA2A-41C9-8886-5AB54C046E82}
	EndGlobalSection
	GlobalSection(ExtensibilityGlobals) = postSolution
		SolutionGuid = {CB65B897-E7FA-40A9-AC44-4492F6DE135D}
	EndGlobalSection
EndGlobal
